Microsoft Visual Studio Solution File, Format Version 12.00
# Visual Studio Version 17
VisualStudioVersion = 17.5.2.0
MinimumVisualStudioVersion = 10.0.40219.1
Project("{2150E333-8FDC-42A3-9474-1A3956D46DE8}") = "src", "src", "{827E0CD3-B72D-47B6-A68D-7590B98EB39B}"
EndProject
Project("{FAE04EC0-301F-11D3-BF4B-00C04F79EFBC}") = "StorageCataloger", "src\StorageCataloger.csproj", "{5356103B-86DA-F932-93EF-34573062B3D0}"
EndProject
Global
	GlobalSection(SolutionConfigurationPlatforms) = preSolution
		Debug|Any CPU = Debug|Any CPU
		Release|Any CPU = Release|Any CPU
	EndGlobalSection
	GlobalSection(ProjectConfigurationPlatforms) = postSolution
		{5356103B-86DA-F932-93EF-34573062B3D0}.Debug|Any CPU.ActiveCfg = Debug|Any CPU
		{5356103B-86DA-F932-93EF-34573062B3D0}.Debug|Any CPU.Build.0 = Debug|Any CPU
		{5356103B-86DA-F932-93EF-34573062B3D0}.Release|Any CPU.ActiveCfg = Release|Any CPU
		{5356103B-86DA-F932-93EF-34573062B3D0}.Release|Any CPU.Build.0 = Release|Any CPU
	EndGlobalSection
	GlobalSection(SolutionProperties) = preSolution
		HideSolutionNode = FALSE
	EndGlobalSection
	GlobalSection(NestedProjects) = preSolution
		{5356103B-86DA-F932-93EF-34573062B3D0} = {827E0CD3-B72D-47B6-A68D-7590B98EB39B}
	EndGlobalSection
	GlobalSection(ExtensibilityGlobals) = postSolution
		SolutionGuid = {ED50C4E6-5B19-4D57-BD0F-C2B05B67F5EF}
	EndGlobalSection
EndGlobal
